
Microsoft Visual Studio Solution File, Format Version 12.00
# Visual Studio 15
VisualStudioVersion = 15.0.26730.16
MinimumVisualStudioVersion = 10.0.40219.1
Project("{FAE04EC0-301F-11D3-BF4B-00C04F79EFBC}") = "readfromtextfile", "readfromtextfile\readfromtextfile.csproj", "{9AC528C4-D7C8-48EB-A2DE-DD968114F507}"
EndProject
Global
	GlobalSection(SolutionConfigurationPlatforms) = preSolution
		Debug|Any CPU = Debug|Any CPU
		Release|Any CPU = Release|Any CPU
	EndGlobalSection
	GlobalSection(ProjectConfigurationPlatforms) = postSolution
		{9AC528C4-D7C8-48EB-A2DE-DD968114F507}.Debug|Any CPU.ActiveCfg = Debug|Any CPU
		{9AC528C4-D7C8-48EB-A2DE-DD968114F507}.Debug|Any CPU.Build.0 = Debug|Any CPU
		{9AC528C4-D7C8-48EB-A2DE-DD968114F507}.Release|Any CPU.ActiveCfg = Release|Any CPU
		{9AC528C4-D7C8-48EB-A2DE-DD968114F507}.Release|Any CPU.Build.0 = Release|Any CPU
	EndGlobalSection
	GlobalSection(SolutionProperties) = preSolution
		HideSolutionNode = FALSE
	EndGlobalSection
	GlobalSection(ExtensibilityGlobals) = postSolution
		SolutionGuid = {96B80B57-4E45-4DB6-A7D8-4DAC42215934}
	EndGlobalSection
EndGlobal
